
Microsoft Visual Studio Solution File, Format Version 12.00
# Visual Studio 15
VisualStudioVersion = 15.0.28010.2036
MinimumVisualStudioVersion = 10.0.40219.1
Project("{FAE04EC0-301F-11D3-BF4B-00C04F79EFBC}") = "differenceMotion", "differenceMotion\differenceMotion.csproj", "{7841CF30-131F-4B58-B287-5B04279808CB}"
EndProject
Global
	GlobalSection(SolutionConfigurationPlatforms) = preSolution
		Debug|Any CPU = Debug|Any CPU
		Release|Any CPU = Release|Any CPU
	EndGlobalSection
	GlobalSection(ProjectConfigurationPlatforms) = postSolution
		{7841CF30-131F-4B58-B287-5B04279808CB}.Debug|Any CPU.ActiveCfg = Debug|Any CPU
		{7841CF30-131F-4B58-B287-5B04279808CB}.Debug|Any CPU.Build.0 = Debug|Any CPU
		{7841CF30-131F-4B58-B287-5B04279808CB}.Release|Any CPU.ActiveCfg = Release|Any CPU
		{7841CF30-131F-4B58-B287-5B04279808CB}.Release|Any CPU.Build.0 = Release|Any CPU
	EndGlobalSection
	GlobalSection(SolutionProperties) = preSolution
		HideSolutionNode = FALSE
	EndGlobalSection
	GlobalSection(ExtensibilityGlobals) = postSolution
		SolutionGuid = {C130EC01-1A25-4F35-B4C9-E1F9DAAC93CA}
	EndGlobalSection
EndGlobal
